<?xml version="1.0" encoding="utf-8"?>
<Project ToolsVersion="4.0" xmlns="http://schemas.microsoft.com/developer/msbuild/2003">
  <ItemGroup>
    <ClCompile Include="GameObject.cpp" />
    <ClCompile Include="Cone.cpp" />
    <ClCompile Include="Cube.cpp" />
    <ClCompile Include="main.cpp" />
    <ClCompile Include="MyWindow.cpp" />
    <ClCompile Include="Scene.cpp" />
    <ClCompile Include="Sphere.cpp" />
    <ClCompile Include="Frustum.cpp" />
  </ItemGroup>
  <ItemGroup>
    <ClInclude Include="Component.h" />
    <ClInclude Include="ComponentMesh.h" />
    <ClInclude Include="ComponentTexture.h" />
    <ClInclude Include="ComponentTransform.h" />
    <ClInclude Include="Cone.h" />
    <ClInclude Include="Cube.h" />
    <ClInclude Include="GameObject.h" />
    <ClInclude Include="MyWindow.h" />
    <ClInclude Include="Scene.h" />
    <ClInclude Include="Sphere.h" />
    <ClInclude Include="Frustum.h" />
  </ItemGroup>
</Project>